
Microsoft Visual Studio Solution File, Format Version 12.00
# Visual Studio Version 16
VisualStudioVersion = 16.0.30907.101
MinimumVisualStudioVersion = 10.0.40219.1
Project("{FAE04EC0-301F-11D3-BF4B-00C04F79EFBC}") = "CSharpProject1", "CSharpProject1\CSharpProject1.csproj", "{FE249B12-FADB-4285-9191-3B6940440657}"
EndProject
Global
	GlobalSection(SolutionConfigurationPlatforms) = preSolution
		Debug|Any CPU = Debug|Any CPU
		Release|Any CPU = Release|Any CPU
	EndGlobalSection
	GlobalSection(ProjectConfigurationPlatforms) = postSolution
		{FE249B12-FADB-4285-9191-3B6940440657}.Debug|Any CPU.ActiveCfg = Debug|Any CPU
		{FE249B12-FADB-4285-9191-3B6940440657}.Debug|Any CPU.Build.0 = Debug|Any CPU
		{FE249B12-FADB-4285-9191-3B6940440657}.Release|Any CPU.ActiveCfg = Release|Any CPU
		{FE249B12-FADB-4285-9191-3B6940440657}.Release|Any CPU.Build.0 = Release|Any CPU
	EndGlobalSection
	GlobalSection(SolutionProperties) = preSolution
		HideSolutionNode = FALSE
	EndGlobalSection
	GlobalSection(ExtensibilityGlobals) = postSolution
		SolutionGuid = {CE5BDE52-BC91-4869-8CD0-F6E879D5C530}
	EndGlobalSection
EndGlobal
